
Microsoft Visual Studio Solution File, Format Version 12.00
# Visual Studio Version 17
VisualStudioVersion = 17.11.35303.130
MinimumVisualStudioVersion = 10.0.40219.1
Project("{FAE04EC0-301F-11D3-BF4B-00C04F79EFBC}") = "test", "test\test.csproj", "{A90A2DCB-7A23-45DD-8BB6-5EEA8E4AE1EA}"
EndProject
Global
	GlobalSection(SolutionConfigurationPlatforms) = preSolution
		Debug|Any CPU = Debug|Any CPU
		Release|Any CPU = Release|Any CPU
	EndGlobalSection
	GlobalSection(ProjectConfigurationPlatforms) = postSolution
		{A90A2DCB-7A23-45DD-8BB6-5EEA8E4AE1EA}.Debug|Any CPU.ActiveCfg = Debug|Any CPU
		{A90A2DCB-7A23-45DD-8BB6-5EEA8E4AE1EA}.Debug|Any CPU.Build.0 = Debug|Any CPU
		{A90A2DCB-7A23-45DD-8BB6-5EEA8E4AE1EA}.Release|Any CPU.ActiveCfg = Release|Any CPU
		{A90A2DCB-7A23-45DD-8BB6-5EEA8E4AE1EA}.Release|Any CPU.Build.0 = Release|Any CPU
	EndGlobalSection
	GlobalSection(SolutionProperties) = preSolution
		HideSolutionNode = FALSE
	EndGlobalSection
	GlobalSection(ExtensibilityGlobals) = postSolution
		SolutionGuid = {42D39A72-40D3-40CE-B840-509FF09E21D3}
	EndGlobalSection
EndGlobal
